// !$*UTF8*$!
{
	archiveVersion = 1;
	classes = {
	};
	objectVersion = 77;
	objects = {

/* Begin PBXContainerItemProxy section */
		93449EF72D7B8E7C004B197B /* PBXContainerItemProxy */ = {
			isa = PBXContainerItemProxy;
			containerPortal = 93449EDD2D7B8E7A004B197B /* Project object */;
			proxyType = 1;
			remoteGlobalIDString = 93449EE42D7B8E7A004B197B;
			remoteInfo = "Paths Police";
		};
		93449F012D7B8E7C004B197B /* PBXContainerItemProxy */ = {
			isa = PBXContainerItemProxy;
			containerPortal = 93449EDD2D7B8E7A004B197B /* Project object */;
			proxyType = 1;
			remoteGlobalIDString = 93449EE42D7B8E7A004B197B;
			remoteInfo = "Paths Police";
		};
/* End PBXContainerItemProxy section */

/* Begin PBXFileReference section */
		93449EE52D7B8E7A004B197B /* Paths Police.app */ = {isa = PBXFileReference; explicitFileType = wrapper.application; includeInIndex = 0; path = "Paths Police.app"; sourceTree = BUILT_PRODUCTS_DIR; };
		93449EF62D7B8E7C004B197B /* Paths PoliceTests.xctest */ = {isa = PBXFileReference; explicitFileType = wrapper.cfbundle; includeInIndex = 0; path = "Paths PoliceTests.xctest"; sourceTree = BUILT_PRODUCTS_DIR; };
		93449F002D7B8E7C004B197B /* Paths PoliceUITests.xctest */ = {isa = PBXFileReference; explicitFileType = wrapper.cfbundle; includeInIndex = 0; path = "Paths PoliceUITests.xctest"; sourceTree = BUILT_PRODUCTS_DIR; };
/* End PBXFileReference section */

/* Begin PBXFileSystemSynchronizedRootGroup section */
		93449EE72D7B8E7A004B197B /* Paths Police */ = {
			isa = PBXFileSystemSynchronizedRootGroup;
			path = "Paths Police";
			sourceTree = "<group>";
		};
		93449EF92D7B8E7C004B197B /* Paths PoliceTests */ = {
			isa = PBXFileSystemSynchronizedRootGroup;
			path = "Paths PoliceTests";
			sourceTree = "<group>";
		};
		93449F032D7B8E7C004B197B /* Paths PoliceUITests */ = {
			isa = PBXFileSystemSynchronizedRootGroup;
			path = "Paths PoliceUITests";
			sourceTree = "<group>";
		};
/* End PBXFileSystemSynchronizedRootGroup section */

/* Begin PBXFrameworksBuildPhase section */
		93449EE22D7B8E7A004B197B /* Frameworks */ = {
			isa = PBXFrameworksBuildPhase;
			buildActionMask = 2147483647;
			files = (
			);
			runOnlyForDeploymentPostprocessing = 0;
		};
		93449EF32D7B8E7C004B197B /* Frameworks */ = {
			isa = PBXFrameworksBuildPhase;
			buildActionMask = 2147483647;
			files = (
			);
			runOnlyForDeploymentPostprocessing = 0;
		};
		93449EFD2D7B8E7C004B197B /* Frameworks */ = {
			isa = PBXFrameworksBuildPhase;
			buildActionMask = 2147483647;
			files = (
			);
			runOnlyForDeploymentPostprocessing = 0;
		};
/* End PBXFrameworksBuildPhase section */

/* Begin PBXGroup section */
		93449EDC2D7B8E7A004B197B = {
			isa = PBXGroup;
			children = (
				93449EE72D7B8E7A004B197B /* Paths Police */,
				93449EF92D7B8E7C004B197B /* Paths PoliceTests */,
				93449F032D7B8E7C004B197B /* Paths PoliceUITests */,
				93449EE62D7B8E7A004B197B /* Products */,
			);
			sourceTree = "<group>";
		};
		93449EE62D7B8E7A004B197B /* Products */ = {
			isa = PBXGroup;
			children = (
				93449EE52D7B8E7A004B197B /* Paths Police.app */,
				93449EF62D7B8E7C004B197B /* Paths PoliceTests.xctest */,
				93449F002D7B8E7C004B197B /* Paths PoliceUITests.xctest */,
			);
			name = Products;
			sourceTree = "<group>";
		};
/* End PBXGroup section */

/* Begin PBXNativeTarget section */
		93449EE42D7B8E7A004B197B /* Paths Police */ = {
			isa = PBXNativeTarget;
			buildConfigurationList = 93449F0A2D7B8E7C004B197B /* Build configuration list for PBXNativeTarget "Paths Police" */;
			buildPhases = (
				93449EE12D7B8E7A004B197B /* Sources */,
				93449EE22D7B8E7A004B197B /* Frameworks */,
				93449EE32D7B8E7A004B197B /* Resources */,
			);
			buildRules = (
			);
			dependencies = (
			);
			fileSystemSynchronizedGroups = (
				93449EE72D7B8E7A004B197B /* Paths Police */,
			);
			name = "Paths Police";
			packageProductDependencies = (
			);
			productName = "Paths Police";
			productReference = 93449EE52D7B8E7A004B197B /* Paths Police.app */;
			productType = "com.apple.product-type.application";
		};
		93449EF52D7B8E7C004B197B /* Paths PoliceTests */ = {
			isa = PBXNativeTarget;
			buildConfigurationList = 93449F0D2D7B8E7C004B197B /* Build configuration list for PBXNativeTarget "Paths PoliceTests" */;
			buildPhases = (
				93449EF22D7B8E7C004B197B /* Sources */,
				93449EF32D7B8E7C004B197B /* Frameworks */,
				93449EF42D7B8E7C004B197B /* Resources */,
			);
			buildRules = (
			);
			dependencies = (
				93449EF82D7B8E7C004B197B /* PBXTargetDependency */,
			);
			fileSystemSynchronizedGroups = (
				93449EF92D7B8E7C004B197B /* Paths PoliceTests */,
			);
			name = "Paths PoliceTests";
			packageProductDependencies = (
			);
			productName = "Paths PoliceTests";
			productReference = 93449EF62D7B8E7C004B197B /* Paths PoliceTests.xctest */;
			productType = "com.apple.product-type.bundle.unit-test";
		};
		93449EFF2D7B8E7C004B197B /* Paths PoliceUITests */ = {
			isa = PBXNativeTarget;
			buildConfigurationList = 93449F102D7B8E7C004B197B /* Build configuration list for PBXNativeTarget "Paths PoliceUITests" */;
			buildPhases = (
				93449EFC2D7B8E7C004B197B /* Sources */,
				93449EFD2D7B8E7C004B197B /* Frameworks */,
				93449EFE2D7B8E7C004B197B /* Resources */,
			);
			buildRules = (
			);
			dependencies = (
				93449F022D7B8E7C004B197B /* PBXTargetDependency */,
			);
			fileSystemSynchronizedGroups = (
				93449F032D7B8E7C004B197B /* Paths PoliceUITests */,
			);
			name = "Paths PoliceUITests";
			packageProductDependencies = (
			);
			productName = "Paths PoliceUITests";
			productReference = 93449F002D7B8E7C004B197B /* Paths PoliceUITests.xctest */;
			productType = "com.apple.product-type.bundle.ui-testing";
		};
/* End PBXNativeTarget section */

/* Begin PBXProject section */
		93449EDD2D7B8E7A004B197B /* Project object */ = {
			isa = PBXProject;
			attributes = {
				BuildIndependentTargetsInParallel = 1;
				LastSwiftUpdateCheck = 1620;
				LastUpgradeCheck = 1620;
				TargetAttributes = {
					93449EE42D7B8E7A004B197B = {
						CreatedOnToolsVersion = 16.2;
					};
					93449EF52D7B8E7C004B197B = {
						CreatedOnToolsVersion = 16.2;
						TestTargetID = 93449EE42D7B8E7A004B197B;
					};
					93449EFF2D7B8E7C004B197B = {
						CreatedOnToolsVersion = 16.2;
						TestTargetID = 93449EE42D7B8E7A004B197B;
					};
				};
			};
			buildConfigurationList = 93449EE02D7B8E7A004B197B /* Build configuration list for PBXProject "Paths Police" */;
			developmentRegion = en;
			hasScannedForEncodings = 0;
			knownRegions = (
				en,
				Base,
			);
			mainGroup = 93449EDC2D7B8E7A004B197B;
			minimizedProjectReferenceProxies = 1;
			preferredProjectObjectVersion = 77;
			productRefGroup = 93449EE62D7B8E7A004B197B /* Products */;
			projectDirPath = "";
			projectRoot = "";
			targets = (
				93449EE42D7B8E7A004B197B /* Paths Police */,
				93449EF52D7B8E7C004B197B /* Paths PoliceTests */,
				93449EFF2D7B8E7C004B197B /* Paths PoliceUITests */,
			);
		};
/* End PBXProject section */

/* Begin PBXResourcesBuildPhase section */
		93449EE32D7B8E7A004B197B /* Resources */ = {
			isa = PBXResourcesBuildPhase;
			buildActionMask = 2147483647;
			files = (
			);
			runOnlyForDeploymentPostprocessing = 0;
		};
		93449EF42D7B8E7C004B197B /* Resources */ = {
			isa = PBXResourcesBuildPhase;
			buildActionMask = 2147483647;
			files = (
			);
			runOnlyForDeploymentPostprocessing = 0;
		};
		93449EFE2D7B8E7C004B197B /* Resources */ = {
			isa = PBXResourcesBuildPhase;
			buildActionMask = 2147483647;
			files = (
			);
			runOnlyForDeploymentPostprocessing = 0;
		};
/* End PBXResourcesBuildPhase section */

/* Begin PBXSourcesBuildPhase section */
		93449EE12D7B8E7A004B197B /* Sources */ = {
			isa = PBXSourcesBuildPhase;
			buildActionMask = 2147483647;
			files = (
			);
			runOnlyForDeploymentPostprocessing = 0;
		};
		93449EF22D7B8E7C004B197B /* Sources */ = {
			isa = PBXSourcesBuildPhase;
			buildActionMask = 2147483647;
			files = (
			);
			runOnlyForDeploymentPostprocessing = 0;
		};
		93449EFC2D7B8E7C004B197B /* Sources */ = {
			isa = PBXSourcesBuildPhase;
			buildActionMask = 2147483647;
			files = (
			);
			runOnlyForDeploymentPostprocessing = 0;
		};
/* End PBXSourcesBuildPhase section */

/* Begin PBXTargetDependency section */
		93449EF82D7B8E7C004B197B /* PBXTargetDependency */ = {
			isa = PBXTargetDependency;
			target = 93449EE42D7B8E7A004B197B /* Paths Police */;
			targetProxy = 93449EF72D7B8E7C004B197B /* PBXContainerItemProxy */;
		};
		93449F022D7B8E7C004B197B /* PBXTargetDependency */ = {
			isa = PBXTargetDependency;
			target = 93449EE42D7B8E7A004B197B /* Paths Police */;
			targetProxy = 93449F012D7B8E7C004B197B /* PBXContainerItemProxy */;
		};
/* End PBXTargetDependency section */

/* Begin XCBuildConfiguration section */
		93449F082D7B8E7C004B197B /* Debug */ = {
			isa = XCBuildConfiguration;
			buildSettings = {
				ALWAYS_SEARCH_USER_PATHS = NO;
				ASSETCATALOG_COMPILER_GENERATE_SWIFT_ASSET_SYMBOL_EXTENSIONS = YES;
				CLANG_ANALYZER_NONNULL = YES;
				CLANG_ANALYZER_NUMBER_OBJECT_CONVERSION = YES_AGGRESSIVE;
				CLANG_CXX_LANGUAGE_STANDARD = "gnu++20";
				CLANG_ENABLE_MODULES = YES;
				CLANG_ENABLE_OBJC_ARC = YES;
				CLANG_ENABLE_OBJC_WEAK = YES;
				CLANG_WARN_BLOCK_CAPTURE_AUTORELEASING = YES;
				CLANG_WARN_BOOL_CONVERSION = YES;
				CLANG_WARN_COMMA = YES;
				CLANG_WARN_CONSTANT_CONVERSION = YES;
				CLANG_WARN_DEPRECATED_OBJC_IMPLEMENTATIONS = YES;
				CLANG_WARN_DIRECT_OBJC_ISA_USAGE = YES_ERROR;
				CLANG_WARN_DOCUMENTATION_COMMENTS = YES;
				CLANG_WARN_EMPTY_BODY = YES;
				CLANG_WARN_ENUM_CONVERSION = YES;
				CLANG_WARN_INFINITE_RECURSION = YES;
				CLANG_WARN_INT_CONVERSION = YES;
				CLANG_WARN_NON_LITERAL_NULL_CONVERSION = YES;
				CLANG_WARN_OBJC_IMPLICIT_RETAIN_SELF = YES;
				CLANG_WARN_OBJC_LITERAL_CONVERSION = YES;
				CLANG_WARN_OBJC_ROOT_CLASS = YES_ERROR;
				CLANG_WARN_QUOTED_INCLUDE_IN_FRAMEWORK_HEADER = YES;
				CLANG_WARN_RANGE_LOOP_ANALYSIS = YES;
				CLANG_WARN_STRICT_PROTOTYPES = YES;
				CLANG_WARN_SUSPICIOUS_MOVE = YES;
				CLANG_WARN_UNGUARDED_AVAILABILITY = YES_AGGRESSIVE;
				CLANG_WARN_UNREACHABLE_CODE = YES;
				CLANG_WARN__DUPLICATE_METHOD_MATCH = YES;
				COPY_PHASE_STRIP = NO;
				DEBUG_INFORMATION_FORMAT = dwarf;
				ENABLE_STRICT_OBJC_MSGSEND = YES;
				ENABLE_TESTABILITY = YES;
				ENABLE_USER_SCRIPT_SANDBOXING = YES;
				GCC_C_LANGUAGE_STANDARD = gnu17;
				GCC_DYNAMIC_NO_PIC = NO;
				GCC_NO_COMMON_BLOCKS = YES;
				GCC_OPTIMIZATION_LEVEL = 0;
				GCC_PREPROCESSOR_DEFINITIONS = (
					"DEBUG=1",
					"$(inherited)",
				);
				GCC_WARN_64_TO_32_BIT_CONVERSION = YES;
				GCC_WARN_ABOUT_RETURN_TYPE = YES_ERROR;
				GCC_WARN_UNDECLARED_SELECTOR = YES;
				GCC_WARN_UNINITIALIZED_AUTOS = YES_AGGRESSIVE;
				GCC_WARN_UNUSED_FUNCTION = YES;
				GCC_WARN_UNUSED_VARIABLE = YES;
				LOCALIZATION_PREFERS_STRING_CATALOGS = YES;
				MACOSX_DEPLOYMENT_TARGET = 15.2;
				MTL_ENABLE_DEBUG_INFO = INCLUDE_SOURCE;
				MTL_FAST_MATH = YES;
				ONLY_ACTIVE_ARCH = YES;
				SDKROOT = macosx;
				SWIFT_ACTIVE_COMPILATION_CONDITIONS = "DEBUG $(inherited)";
				SWIFT_OPTIMIZATION_LEVEL = "-Onone";
			};
			name = Debug;
		};
		93449F092D7B8E7C004B197B /* Release */ = {
			isa = XCBuildConfiguration;
			buildSettings = {
				ALWAYS_SEARCH_USER_PATHS = NO;
				ASSETCATALOG_COMPILER_GENERATE_SWIFT_ASSET_SYMBOL_EXTENSIONS = YES;
				CLANG_ANALYZER_NONNULL = YES;
				CLANG_ANALYZER_NUMBER_OBJECT_CONVERSION = YES_AGGRESSIVE;
				CLANG_CXX_LANGUAGE_STANDARD = "gnu++20";
				CLANG_ENABLE_MODULES = YES;
				CLANG_ENABLE_OBJC_ARC = YES;
				CLANG_ENABLE_OBJC_WEAK = YES;
				CLANG_WARN_BLOCK_CAPTURE_AUTORELEASING = YES;
				CLANG_WARN_BOOL_CONVERSION = YES;
				CLANG_WARN_COMMA = YES;
				CLANG_WARN_CONSTANT_CONVERSION = YES;
				CLANG_WARN_DEPRECATED_OBJC_IMPLEMENTATIONS = YES;
				CLANG_WARN_DIRECT_OBJC_ISA_USAGE = YES_ERROR;
				CLANG_WARN_DOCUMENTATION_COMMENTS = YES;
				CLANG_WARN_EMPTY_BODY = YES;
				CLANG_WARN_ENUM_CONVERSION = YES;
				CLANG_WARN_INFINITE_RECURSION = YES;
				CLANG_WARN_INT_CONVERSION = YES;
				CLANG_WARN_NON_LITERAL_NULL_CONVERSION = YES;
				CLANG_WARN_OBJC_IMPLICIT_RETAIN_SELF = YES;
				CLANG_WARN_OBJC_LITERAL_CONVERSION = YES;
				CLANG_WARN_OBJC_ROOT_CLASS = YES_ERROR;
				CLANG_WARN_QUOTED_INCLUDE_IN_FRAMEWORK_HEADER = YES;
				CLANG_WARN_RANGE_LOOP_ANALYSIS = YES;
				CLANG_WARN_STRICT_PROTOTYPES = YES;
				CLANG_WARN_SUSPICIOUS_MOVE = YES;
				CLANG_WARN_UNGUARDED_AVAILABILITY = YES_AGGRESSIVE;
				CLANG_WARN_UNREACHABLE_CODE = YES;
				CLANG_WARN__DUPLICATE_METHOD_MATCH = YES;
				COPY_PHASE_STRIP = NO;
				DEBUG_INFORMATION_FORMAT = "dwarf-with-dsym";
				ENABLE_NS_ASSERTIONS = NO;
				ENABLE_STRICT_OBJC_MSGSEND = YES;
				ENABLE_USER_SCRIPT_SANDBOXING = YES;
				GCC_C_LANGUAGE_STANDARD = gnu17;
				GCC_NO_COMMON_BLOCKS = YES;
				GCC_WARN_64_TO_32_BIT_CONVERSION = YES;
				GCC_WARN_ABOUT_RETURN_TYPE = YES_ERROR;
				GCC_WARN_UNDECLARED_SELECTOR = YES;
				GCC_WARN_UNINITIALIZED_AUTOS = YES_AGGRESSIVE;
				GCC_WARN_UNUSED_FUNCTION = YES;
				GCC_WARN_UNUSED_VARIABLE = YES;
				LOCALIZATION_PREFERS_STRING_CATALOGS = YES;
				MACOSX_DEPLOYMENT_TARGET = 15.2;
				MTL_ENABLE_DEBUG_INFO = NO;
				MTL_FAST_MATH = YES;
				SDKROOT = macosx;
				SWIFT_COMPILATION_MODE = wholemodule;
			};
			name = Release;
		};
		93449F0B2D7B8E7C004B197B /* Debug */ = {
			isa = XCBuildConfiguration;
			buildSettings = {
				ASSETCATALOG_COMPILER_APPICON_NAME = AppIcon;
				ASSETCATALOG_COMPILER_GLOBAL_ACCENT_COLOR_NAME = AccentColor;
				CODE_SIGN_ENTITLEMENTS = "Paths Police/Paths_Police.entitlements";
				"CODE_SIGN_IDENTITY[sdk=macosx*]" = "Apple Development";
				CODE_SIGN_STYLE = Automatic;
				COMBINE_HIDPI_IMAGES = YES;
				CURRENT_PROJECT_VERSION = 1;
				DEVELOPMENT_ASSET_PATHS = "\"Paths Police/Preview Content\"";
				DEVELOPMENT_TEAM = SAR93BUHA2;
				ENABLE_HARDENED_RUNTIME = YES;
				ENABLE_PREVIEWS = YES;
				GENERATE_INFOPLIST_FILE = YES;
				INFOPLIST_KEY_CFBundleDisplayName = "Paths Police";
				INFOPLIST_KEY_LSApplicationCategoryType = "public.app-category.utilities";
				INFOPLIST_KEY_NSHumanReadableCopyright = "";
				LD_RUNPATH_SEARCH_PATHS = (
					"$(inherited)",
					"@executable_path/../Frameworks",
				);
				MARKETING_VERSION = 1.0.0;
				PRODUCT_BUNDLE_IDENTIFIER = "com.Zeyu-Xie.Paths-Police";
				PRODUCT_NAME = "$(TARGET_NAME)";
				SWIFT_EMIT_LOC_STRINGS = YES;
				SWIFT_VERSION = 5.0;
			};
			name = Debug;
		};
		93449F0C2D7B8E7C004B197B /* Release */ = {
			isa = XCBuildConfiguration;
			buildSettings = {
				ASSETCATALOG_COMPILER_APPICON_NAME = AppIcon;
				ASSETCATALOG_COMPILER_GLOBAL_ACCENT_COLOR_NAME = AccentColor;
				CODE_SIGN_ENTITLEMENTS = "Paths Police/Paths_Police.entitlements";
				"CODE_SIGN_IDENTITY[sdk=macosx*]" = "Apple Development";
				CODE_SIGN_STYLE = Automatic;
				COMBINE_HIDPI_IMAGES = YES;
				CURRENT_PROJECT_VERSION = 1;
				DEVELOPMENT_ASSET_PATHS = "\"Paths Police/Preview Content\"";
				DEVELOPMENT_TEAM = SAR93BUHA2;
				ENABLE_HARDENED_RUNTIME = YES;
				ENABLE_PREVIEWS = YES;
				GENERATE_INFOPLIST_FILE = YES;
				INFOPLIST_KEY_CFBundleDisplayName = "Paths Police";
				INFOPLIST_KEY_LSApplicationCategoryType = "public.app-category.utilities";
				INFOPLIST_KEY_NSHumanReadableCopyright = "";
				LD_RUNPATH_SEARCH_PATHS = (
					"$(inherited)",
					"@executable_path/../Frameworks",
				);
				MARKETING_VERSION = 1.0.0;
				PRODUCT_BUNDLE_IDENTIFIER = "com.Zeyu-Xie.Paths-Police";
				PRODUCT_NAME = "$(TARGET_NAME)";
				SWIFT_EMIT_LOC_STRINGS = YES;
				SWIFT_VERSION = 5.0;
			};
			name = Release;
		};
		93449F0E2D7B8E7C004B197B /* Debug */ = {
			isa = XCBuildConfiguration;
			buildSettings = {
				BUNDLE_LOADER = "$(TEST_HOST)";
				CODE_SIGN_STYLE = Automatic;
				CURRENT_PROJECT_VERSION = 1;
				DEVELOPMENT_TEAM = SAR93BUHA2;
				GENERATE_INFOPLIST_FILE = YES;
				MACOSX_DEPLOYMENT_TARGET = 15.2;
				MARKETING_VERSION = 1.0;
				PRODUCT_BUNDLE_IDENTIFIER = "com.Zeyu-Xie.Paths-PoliceTests";
				PRODUCT_NAME = "$(TARGET_NAME)";
				SWIFT_EMIT_LOC_STRINGS = NO;
				SWIFT_VERSION = 5.0;
				TEST_HOST = "$(BUILT_PRODUCTS_DIR)/Paths Police.app/$(BUNDLE_EXECUTABLE_FOLDER_PATH)/Paths Police";
			};
			name = Debug;
		};
		93449F0F2D7B8E7C004B197B /* Release */ = {
			isa = XCBuildConfiguration;
			buildSettings = {
				BUNDLE_LOADER = "$(TEST_HOST)";
				CODE_SIGN_STYLE = Automatic;
				CURRENT_PROJECT_VERSION = 1;
				DEVELOPMENT_TEAM = SAR93BUHA2;
				GENERATE_INFOPLIST_FILE = YES;
				MACOSX_DEPLOYMENT_TARGET = 15.2;
				MARKETING_VERSION = 1.0;
				PRODUCT_BUNDLE_IDENTIFIER = "com.Zeyu-Xie.Paths-PoliceTests";
				PRODUCT_NAME = "$(TARGET_NAME)";
				SWIFT_EMIT_LOC_STRINGS = NO;
				SWIFT_VERSION = 5.0;
				TEST_HOST = "$(BUILT_PRODUCTS_DIR)/Paths Police.app/$(BUNDLE_EXECUTABLE_FOLDER_PATH)/Paths Police";
			};
			name = Release;
		};
		93449F112D7B8E7C004B197B /* Debug */ = {
			isa = XCBuildConfiguration;
			buildSettings = {
				CODE_SIGN_STYLE = Automatic;
				CURRENT_PROJECT_VERSION = 1;
				DEVELOPMENT_TEAM = SAR93BUHA2;
				GENERATE_INFOPLIST_FILE = YES;
				MARKETING_VERSION = 1.0;
				PRODUCT_BUNDLE_IDENTIFIER = "com.Zeyu-Xie.Paths-PoliceUITests";
				PRODUCT_NAME = "$(TARGET_NAME)";
				SWIFT_EMIT_LOC_STRINGS = NO;
				SWIFT_VERSION = 5.0;
				TEST_TARGET_NAME = "Paths Police";
			};
			name = Debug;
		};
		93449F122D7B8E7C004B197B /* Release */ = {
			isa = XCBuildConfiguration;
			buildSettings = {
				CODE_SIGN_STYLE = Automatic;
				CURRENT_PROJECT_VERSION = 1;
				DEVELOPMENT_TEAM = SAR93BUHA2;
				GENERATE_INFOPLIST_FILE = YES;
				MARKETING_VERSION = 1.0;
				PRODUCT_BUNDLE_IDENTIFIER = "com.Zeyu-Xie.Paths-PoliceUITests";
				PRODUCT_NAME = "$(TARGET_NAME)";
				SWIFT_EMIT_LOC_STRINGS = NO;
				SWIFT_VERSION = 5.0;
				TEST_TARGET_NAME = "Paths Police";
			};
			name = Release;
		};
/* End XCBuildConfiguration section */

/* Begin XCConfigurationList section */
		93449EE02D7B8E7A004B197B /* Build configuration list for PBXProject "Paths Police" */ = {
			isa = XCConfigurationList;
			buildConfigurations = (
				93449F082D7B8E7C004B197B /* Debug */,
				93449F092D7B8E7C004B197B /* Release */,
			);
			defaultConfigurationIsVisible = 0;
			defaultConfigurationName = Release;
		};
		93449F0A2D7B8E7C004B197B /* Build configuration list for PBXNativeTarget "Paths Police" */ = {
			isa = XCConfigurationList;
			buildConfigurations = (
				93449F0B2D7B8E7C004B197B /* Debug */,
				93449F0C2D7B8E7C004B197B /* Release */,
			);
			defaultConfigurationIsVisible = 0;
			defaultConfigurationName = Release;
		};
		93449F0D2D7B8E7C004B197B /* Build configuration list for PBXNativeTarget "Paths PoliceTests" */ = {
			isa = XCConfigurationList;
			buildConfigurations = (
				93449F0E2D7B8E7C004B197B /* Debug */,
				93449F0F2D7B8E7C004B197B /* Release */,
			);
			defaultConfigurationIsVisible = 0;
			defaultConfigurationName = Release;
		};
		93449F102D7B8E7C004B197B /* Build configuration list for PBXNativeTarget "Paths PoliceUITests" */ = {
			isa = XCConfigurationList;
			buildConfigurations = (
				93449F112D7B8E7C004B197B /* Debug */,
				93449F122D7B8E7C004B197B /* Release */,
			);
			defaultConfigurationIsVisible = 0;
			defaultConfigurationName = Release;
		};
/* End XCConfigurationList section */
	};
	rootObject = 93449EDD2D7B8E7A004B197B /* Project object */;
}
